
Microsoft Visual Studio Solution File, Format Version 12.00
# Visual Studio Version 16
VisualStudioVersion = 16.0.28803.202
MinimumVisualStudioVersion = 10.0.40219.1
Project("{8BC9CEB8-8B4A-11D0-8D11-00A0C91BC942}") = "PtrMethod", "PtrMethod\PtrMethod.vcxproj", "{289DABD6-2BB8-4F80-A8CD-421C0E429299}"
EndProject
Global
	GlobalSection(SolutionConfigurationPlatforms) = preSolution
		Debug|x64 = Debug|x64
		Debug|x86 = Debug|x86
		Release|x64 = Release|x64
		Release|x86 = Release|x86
	EndGlobalSection
	GlobalSection(ProjectConfigurationPlatforms) = postSolution
		{289DABD6-2BB8-4F80-A8CD-421C0E429299}.Debug|x64.ActiveCfg = Debug|x64
		{289DABD6-2BB8-4F80-A8CD-421C0E429299}.Debug|x64.Build.0 = Debug|x64
		{289DABD6-2BB8-4F80-A8CD-421C0E429299}.Debug|x86.ActiveCfg = Debug|Win32
		{289DABD6-2BB8-4F80-A8CD-421C0E429299}.Debug|x86.Build.0 = Debug|Win32
		{289DABD6-2BB8-4F80-A8CD-421C0E429299}.Release|x64.ActiveCfg = Release|x64
		{289DABD6-2BB8-4F80-A8CD-421C0E429299}.Release|x64.Build.0 = Release|x64
		{289DABD6-2BB8-4F80-A8CD-421C0E429299}.Release|x86.ActiveCfg = Release|Win32
		{289DABD6-2BB8-4F80-A8CD-421C0E429299}.Release|x86.Build.0 = Release|Win32
	EndGlobalSection
	GlobalSection(SolutionProperties) = preSolution
		HideSolutionNode = FALSE
	EndGlobalSection
	GlobalSection(ExtensibilityGlobals) = postSolution
		SolutionGuid = {2C40759A-0CFB-43BD-8EC8-6D376F6AD12C}
	EndGlobalSection
EndGlobal
