
Microsoft Visual Studio Solution File, Format Version 12.00
# Visual Studio 15
VisualStudioVersion = 15.0.28307.539
MinimumVisualStudioVersion = 10.0.40219.1
Project("{888888A0-9F3D-457C-B088-3A5042F75D52}") = "PyKafka", "PyKafka\PyKafka.pyproj", "{FFDFB6C6-4459-451B-B3E9-303EE283A08E}"
EndProject
Global
	GlobalSection(SolutionConfigurationPlatforms) = preSolution
		Debug|Any CPU = Debug|Any CPU
		Release|Any CPU = Release|Any CPU
	EndGlobalSection
	GlobalSection(ProjectConfigurationPlatforms) = postSolution
		{FFDFB6C6-4459-451B-B3E9-303EE283A08E}.Debug|Any CPU.ActiveCfg = Debug|Any CPU
		{FFDFB6C6-4459-451B-B3E9-303EE283A08E}.Release|Any CPU.ActiveCfg = Release|Any CPU
	EndGlobalSection
	GlobalSection(SolutionProperties) = preSolution
		HideSolutionNode = FALSE
	EndGlobalSection
	GlobalSection(ExtensibilityGlobals) = postSolution
		SolutionGuid = {819A6D86-AA9B-4062-8849-321CC6107CC4}
	EndGlobalSection
EndGlobal
